
Microsoft Visual Studio Solution File, Format Version 12.00
# Visual Studio Version 17
VisualStudioVersion = 17.5.002.0
MinimumVisualStudioVersion = 10.0.40219.1
Project("{2150E333-8FDC-42A3-9474-1A3956D46DE8}") = "csharp-prep", "csharp-prep", "{8CC0F6D9-2387-4A31-852E-9CA56725FB58}"
EndProject
Project("{9A19103F-16F7-4668-BE54-9A1E7A4F7556}") = "Prep1", "csharp-prep\Prep1\Prep1.csproj", "{5DD93E2E-2049-4777-BE44-CC4F1C86EBAC}"
EndProject
Project("{9A19103F-16F7-4668-BE54-9A1E7A4F7556}") = "Prep2", "csharp-prep\Prep2\Prep2.csproj", "{56EF8A87-D4EA-4CB1-A4AE-9FE9403DAD5B}"
EndProject
Project("{9A19103F-16F7-4668-BE54-9A1E7A4F7556}") = "Prep3", "csharp-prep\Prep3\Prep3.csproj", "{CBCC5E95-46D7-496F-82BA-C978F87BBC74}"
EndProject
Project("{9A19103F-16F7-4668-BE54-9A1E7A4F7556}") = "Prep4", "csharp-prep\Prep4\Prep4.csproj", "{19219704-BD36-4DBB-960F-35C0673D6CB4}"
EndProject
Project("{9A19103F-16F7-4668-BE54-9A1E7A4F7556}") = "Prep5", "csharp-prep\Prep5\Prep5.csproj", "{408DD912-4574-4F13-B154-019BCDCB4C31}"
EndProject
Project("{2150E333-8FDC-42A3-9474-1A3956D46DE8}") = "final", "final", "{C2C7589E-E439-4F86-A32D-4551EA90749A}"
EndProject
Project("{9A19103F-16F7-4668-BE54-9A1E7A4F7556}") = "FinalProject", "final\FinalProject\FinalProject.csproj", "{ABD0AE76-52BE-4D2D-8E12-F882C1F5A79C}"
EndProject
Project("{9A19103F-16F7-4668-BE54-9A1E7A4F7556}") = "Foundation1", "final\Foundation1\Foundation1.csproj", "{07E7733D-9439-4F06-8D45-A16E4F1C2EB9}"
EndProject
Project("{9A19103F-16F7-4668-BE54-9A1E7A4F7556}") = "Foundation2", "final\Foundation2\Foundation2.csproj", "{9B09748D-DB5F-4789-B04C-CA3454C93D21}"
EndProject
Project("{9A19103F-16F7-4668-BE54-9A1E7A4F7556}") = "Foundation3", "final\Foundation3\Foundation3.csproj", "{7C27C9BC-3C76-4A73-A610-F1AEE3DBEB0D}"
EndProject
Project("{9A19103F-16F7-4668-BE54-9A1E7A4F7556}") = "Foundation4", "final\Foundation4\Foundation4.csproj", "{F489E88A-69F2-4E98-A87B-BAADBC9384D9}"
EndProject
Project("{2150E333-8FDC-42A3-9474-1A3956D46DE8}") = "prepare", "prepare", "{F6B3ECC0-55AB-4043-ABB0-20E06E72F936}"
EndProject
Project("{9A19103F-16F7-4668-BE54-9A1E7A4F7556}") = "Learning02", "prepare\Learning02\Learning02.csproj", "{AE4AFF0A-08A8-4E44-BE2E-FEAA0191A0EC}"
EndProject
Project("{9A19103F-16F7-4668-BE54-9A1E7A4F7556}") = "Learning03", "prepare\Learning03\Learning03.csproj", "{9885278A-B05D-45C6-938F-272D9AD34FDB}"
EndProject
Project("{9A19103F-16F7-4668-BE54-9A1E7A4F7556}") = "Learning04", "prepare\Learning04\Learning04.csproj", "{2C623ACD-292C-4A51-B79D-EEB256D91F9D}"
EndProject
Project("{9A19103F-16F7-4668-BE54-9A1E7A4F7556}") = "Learning05", "prepare\Learning05\Learning05.csproj", "{5DD2EA02-0986-4D9D-AF69-7953CCAAE9A5}"
EndProject
Project("{2150E333-8FDC-42A3-9474-1A3956D46DE8}") = "prove", "prove", "{CE29F1C0-5D82-494C-83FA-7ACC225D1912}"
EndProject
Project("{9A19103F-16F7-4668-BE54-9A1E7A4F7556}") = "Develop02", "prove\Develop02\Develop02.csproj", "{14726946-01D9-48D4-BCCD-4AD95A942047}"
EndProject
Project("{9A19103F-16F7-4668-BE54-9A1E7A4F7556}") = "Develop03", "prove\Develop03\Develop03.csproj", "{F6E6A746-13BF-48D3-A5D2-215A516D0366}"
EndProject
Project("{9A19103F-16F7-4668-BE54-9A1E7A4F7556}") = "Develop04", "prove\Develop04\Develop04.csproj", "{63919967-76B1-4E3D-8419-670BE3C768D1}"
EndProject
Project("{9A19103F-16F7-4668-BE54-9A1E7A4F7556}") = "Develop05", "prove\Develop05\Develop05.csproj", "{431ACD12-BEB9-482C-9491-48F6AEE2E909}"
EndProject
Project("{2150E333-8FDC-42A3-9474-1A3956D46DE8}") = "sandbox", "sandbox", "{CADFE7C1-AAE2-4DF2-901B-FD10CA1ADC70}"
EndProject
Project("{9A19103F-16F7-4668-BE54-9A1E7A4F7556}") = "Sandbox", "sandbox\Sandbox\Sandbox.csproj", "{E6D15DFC-D2FB-4A57-A381-ECBEE15DC10A}"
EndProject
Global
	GlobalSection(SolutionConfigurationPlatforms) = preSolution
		Debug|Any CPU = Debug|Any CPU
		Release|Any CPU = Release|Any CPU
	EndGlobalSection
	GlobalSection(ProjectConfigurationPlatforms) = postSolution
		{5DD93E2E-2049-4777-BE44-CC4F1C86EBAC}.Debug|Any CPU.ActiveCfg = Debug|Any CPU
		{5DD93E2E-2049-4777-BE44-CC4F1C86EBAC}.Debug|Any CPU.Build.0 = Debug|Any CPU
		{5DD93E2E-2049-4777-BE44-CC4F1C86EBAC}.Release|Any CPU.ActiveCfg = Release|Any CPU
		{5DD93E2E-2049-4777-BE44-CC4F1C86EBAC}.Release|Any CPU.Build.0 = Release|Any CPU
		{56EF8A87-D4EA-4CB1-A4AE-9FE9403DAD5B}.Debug|Any CPU.ActiveCfg = Debug|Any CPU
		{56EF8A87-D4EA-4CB1-A4AE-9FE9403DAD5B}.Debug|Any CPU.Build.0 = Debug|Any CPU
		{56EF8A87-D4EA-4CB1-A4AE-9FE9403DAD5B}.Release|Any CPU.ActiveCfg = Release|Any CPU
		{56EF8A87-D4EA-4CB1-A4AE-9FE9403DAD5B}.Release|Any CPU.Build.0 = Release|Any CPU
		{CBCC5E95-46D7-496F-82BA-C978F87BBC74}.Debug|Any CPU.ActiveCfg = Debug|Any CPU
		{CBCC5E95-46D7-496F-82BA-C978F87BBC74}.Debug|Any CPU.Build.0 = Debug|Any CPU
		{CBCC5E95-46D7-496F-82BA-C978F87BBC74}.Release|Any CPU.ActiveCfg = Release|Any CPU
		{CBCC5E95-46D7-496F-82BA-C978F87BBC74}.Release|Any CPU.Build.0 = Release|Any CPU
		{19219704-BD36-4DBB-960F-35C0673D6CB4}.Debug|Any CPU.ActiveCfg = Debug|Any CPU
		{19219704-BD36-4DBB-960F-35C0673D6CB4}.Debug|Any CPU.Build.0 = Debug|Any CPU
		{19219704-BD36-4DBB-960F-35C0673D6CB4}.Release|Any CPU.ActiveCfg = Release|Any CPU
		{19219704-BD36-4DBB-960F-35C0673D6CB4}.Release|Any CPU.Build.0 = Release|Any CPU
		{408DD912-4574-4F13-B154-019BCDCB4C31}.Debug|Any CPU.ActiveCfg = Debug|Any CPU
		{408DD912-4574-4F13-B154-019BCDCB4C31}.Debug|Any CPU.Build.0 = Debug|Any CPU
		{408DD912-4574-4F13-B154-019BCDCB4C31}.Release|Any CPU.ActiveCfg = Release|Any CPU
		{408DD912-4574-4F13-B154-019BCDCB4C31}.Release|Any CPU.Build.0 = Release|Any CPU
		{ABD0AE76-52BE-4D2D-8E12-F882C1F5A79C}.Debug|Any CPU.ActiveCfg = Debug|Any CPU
		{ABD0AE76-52BE-4D2D-8E12-F882C1F5A79C}.Debug|Any CPU.Build.0 = Debug|Any CPU
		{ABD0AE76-52BE-4D2D-8E12-F882C1F5A79C}.Release|Any CPU.ActiveCfg = Release|Any CPU
		{ABD0AE76-52BE-4D2D-8E12-F882C1F5A79C}.Release|Any CPU.Build.0 = Release|Any CPU
		{07E7733D-9439-4F06-8D45-A16E4F1C2EB9}.Debug|Any CPU.ActiveCfg = Debug|Any CPU
		{07E7733D-9439-4F06-8D45-A16E4F1C2EB9}.Debug|Any CPU.Build.0 = Debug|Any CPU
		{07E7733D-9439-4F06-8D45-A16E4F1C2EB9}.Release|Any CPU.ActiveCfg = Release|Any CPU
		{07E7733D-9439-4F06-8D45-A16E4F1C2EB9}.Release|Any CPU.Build.0 = Release|Any CPU
		{9B09748D-DB5F-4789-B04C-CA3454C93D21}.Debug|Any CPU.ActiveCfg = Debug|Any CPU
		{9B09748D-DB5F-4789-B04C-CA3454C93D21}.Debug|Any CPU.Build.0 = Debug|Any CPU
		{9B09748D-DB5F-4789-B04C-CA3454C93D21}.Release|Any CPU.ActiveCfg = Release|Any CPU
		{9B09748D-DB5F-4789-B04C-CA3454C93D21}.Release|Any CPU.Build.0 = Release|Any CPU
		{7C27C9BC-3C76-4A73-A610-F1AEE3DBEB0D}.Debug|Any CPU.ActiveCfg = Debug|Any CPU
		{7C27C9BC-3C76-4A73-A610-F1AEE3DBEB0D}.Debug|Any CPU.Build.0 = Debug|Any CPU
		{7C27C9BC-3C76-4A73-A610-F1AEE3DBEB0D}.Release|Any CPU.ActiveCfg = Release|Any CPU
		{7C27C9BC-3C76-4A73-A610-F1AEE3DBEB0D}.Release|Any CPU.Build.0 = Release|Any CPU
		{F489E88A-69F2-4E98-A87B-BAADBC9384D9}.Debug|Any CPU.ActiveCfg = Debug|Any CPU
		{F489E88A-69F2-4E98-A87B-BAADBC9384D9}.Debug|Any CPU.Build.0 = Debug|Any CPU
		{F489E88A-69F2-4E98-A87B-BAADBC9384D9}.Release|Any CPU.ActiveCfg = Release|Any CPU
		{F489E88A-69F2-4E98-A87B-BAADBC9384D9}.Release|Any CPU.Build.0 = Release|Any CPU
		{AE4AFF0A-08A8-4E44-BE2E-FEAA0191A0EC}.Debug|Any CPU.ActiveCfg = Debug|Any CPU
		{AE4AFF0A-08A8-4E44-BE2E-FEAA0191A0EC}.Debug|Any CPU.Build.0 = Debug|Any CPU
		{AE4AFF0A-08A8-4E44-BE2E-FEAA0191A0EC}.Release|Any CPU.ActiveCfg = Release|Any CPU
		{AE4AFF0A-08A8-4E44-BE2E-FEAA0191A0EC}.Release|Any CPU.Build.0 = Release|Any CPU
		{9885278A-B05D-45C6-938F-272D9AD34FDB}.Debug|Any CPU.ActiveCfg = Debug|Any CPU
		{9885278A-B05D-45C6-938F-272D9AD34FDB}.Debug|Any CPU.Build.0 = Debug|Any CPU
		{9885278A-B05D-45C6-938F-272D9AD34FDB}.Release|Any CPU.ActiveCfg = Release|Any CPU
		{9885278A-B05D-45C6-938F-272D9AD34FDB}.Release|Any CPU.Build.0 = Release|Any CPU
		{2C623ACD-292C-4A51-B79D-EEB256D91F9D}.Debug|Any CPU.ActiveCfg = Debug|Any CPU
		{2C623ACD-292C-4A51-B79D-EEB256D91F9D}.Debug|Any CPU.Build.0 = Debug|Any CPU
		{2C623ACD-292C-4A51-B79D-EEB256D91F9D}.Release|Any CPU.ActiveCfg = Release|Any CPU
		{2C623ACD-292C-4A51-B79D-EEB256D91F9D}.Release|Any CPU.Build.0 = Release|Any CPU
		{5DD2EA02-0986-4D9D-AF69-7953CCAAE9A5}.Debug|Any CPU.ActiveCfg = Debug|Any CPU
		{5DD2EA02-0986-4D9D-AF69-7953CCAAE9A5}.Debug|Any CPU.Build.0 = Debug|Any CPU
		{5DD2EA02-0986-4D9D-AF69-7953CCAAE9A5}.Release|Any CPU.ActiveCfg = Release|Any CPU
		{5DD2EA02-0986-4D9D-AF69-7953CCAAE9A5}.Release|Any CPU.Build.0 = Release|Any CPU
		{14726946-01D9-48D4-BCCD-4AD95A942047}.Debug|Any CPU.ActiveCfg = Debug|Any CPU
		{14726946-01D9-48D4-BCCD-4AD95A942047}.Debug|Any CPU.Build.0 = Debug|Any CPU
		{14726946-01D9-48D4-BCCD-4AD95A942047}.Release|Any CPU.ActiveCfg = Release|Any CPU
		{14726946-01D9-48D4-BCCD-4AD95A942047}.Release|Any CPU.Build.0 = Release|Any CPU
		{F6E6A746-13BF-48D3-A5D2-215A516D0366}.Debug|Any CPU.ActiveCfg = Debug|Any CPU
		{F6E6A746-13BF-48D3-A5D2-215A516D0366}.Debug|Any CPU.Build.0 = Debug|Any CPU
		{F6E6A746-13BF-48D3-A5D2-215A516D0366}.Release|Any CPU.ActiveCfg = Release|Any CPU
		{F6E6A746-13BF-48D3-A5D2-215A516D0366}.Release|Any CPU.Build.0 = Release|Any CPU
		{63919967-76B1-4E3D-8419-670BE3C768D1}.Debug|Any CPU.ActiveCfg = Debug|Any CPU
		{63919967-76B1-4E3D-8419-670BE3C768D1}.Debug|Any CPU.Build.0 = Debug|Any CPU
		{63919967-76B1-4E3D-8419-670BE3C768D1}.Release|Any CPU.ActiveCfg = Release|Any CPU
		{63919967-76B1-4E3D-8419-670BE3C768D1}.Release|Any CPU.Build.0 = Release|Any CPU
		{431ACD12-BEB9-482C-9491-48F6AEE2E909}.Debug|Any CPU.ActiveCfg = Debug|Any CPU
		{431ACD12-BEB9-482C-9491-48F6AEE2E909}.Debug|Any CPU.Build.0 = Debug|Any CPU
		{431ACD12-BEB9-482C-9491-48F6AEE2E909}.Release|Any CPU.ActiveCfg = Release|Any CPU
		{431ACD12-BEB9-482C-9491-48F6AEE2E909}.Release|Any CPU.Build.0 = Release|Any CPU
		{E6D15DFC-D2FB-4A57-A381-ECBEE15DC10A}.Debug|Any CPU.ActiveCfg = Debug|Any CPU
		{E6D15DFC-D2FB-4A57-A381-ECBEE15DC10A}.Debug|Any CPU.Build.0 = Debug|Any CPU
		{E6D15DFC-D2FB-4A57-A381-ECBEE15DC10A}.Release|Any CPU.ActiveCfg = Release|Any CPU
		{E6D15DFC-D2FB-4A57-A381-ECBEE15DC10A}.Release|Any CPU.Build.0 = Release|Any CPU
	EndGlobalSection
	GlobalSection(SolutionProperties) = preSolution
		HideSolutionNode = FALSE
	EndGlobalSection
	GlobalSection(NestedProjects) = preSolution
		{5DD93E2E-2049-4777-BE44-CC4F1C86EBAC} = {8CC0F6D9-2387-4A31-852E-9CA56725FB58}
		{56EF8A87-D4EA-4CB1-A4AE-9FE9403DAD5B} = {8CC0F6D9-2387-4A31-852E-9CA56725FB58}
		{CBCC5E95-46D7-496F-82BA-C978F87BBC74} = {8CC0F6D9-2387-4A31-852E-9CA56725FB58}
		{19219704-BD36-4DBB-960F-35C0673D6CB4} = {8CC0F6D9-2387-4A31-852E-9CA56725FB58}
		{408DD912-4574-4F13-B154-019BCDCB4C31} = {8CC0F6D9-2387-4A31-852E-9CA56725FB58}
		{ABD0AE76-52BE-4D2D-8E12-F882C1F5A79C} = {C2C7589E-E439-4F86-A32D-4551EA90749A}
		{07E7733D-9439-4F06-8D45-A16E4F1C2EB9} = {C2C7589E-E439-4F86-A32D-4551EA90749A}
		{9B09748D-DB5F-4789-B04C-CA3454C93D21} = {C2C7589E-E439-4F86-A32D-4551EA90749A}
		{7C27C9BC-3C76-4A73-A610-F1AEE3DBEB0D} = {C2C7589E-E439-4F86-A32D-4551EA90749A}
		{F489E88A-69F2-4E98-A87B-BAADBC9384D9} = {C2C7589E-E439-4F86-A32D-4551EA90749A}
		{AE4AFF0A-08A8-4E44-BE2E-FEAA0191A0EC} = {F6B3ECC0-55AB-4043-ABB0-20E06E72F936}
		{9885278A-B05D-45C6-938F-272D9AD34FDB} = {F6B3ECC0-55AB-4043-ABB0-20E06E72F936}
		{2C623ACD-292C-4A51-B79D-EEB256D91F9D} = {F6B3ECC0-55AB-4043-ABB0-20E06E72F936}
		{5DD2EA02-0986-4D9D-AF69-7953CCAAE9A5} = {F6B3ECC0-55AB-4043-ABB0-20E06E72F936}
		{14726946-01D9-48D4-BCCD-4AD95A942047} = {CE29F1C0-5D82-494C-83FA-7ACC225D1912}
		{F6E6A746-13BF-48D3-A5D2-215A516D0366} = {CE29F1C0-5D82-494C-83FA-7ACC225D1912}
		{63919967-76B1-4E3D-8419-670BE3C768D1} = {CE29F1C0-5D82-494C-83FA-7ACC225D1912}
		{431ACD12-BEB9-482C-9491-48F6AEE2E909} = {CE29F1C0-5D82-494C-83FA-7ACC225D1912}
		{E6D15DFC-D2FB-4A57-A381-ECBEE15DC10A} = {CADFE7C1-AAE2-4DF2-901B-FD10CA1ADC70}
	EndGlobalSection
	GlobalSection(ExtensibilityGlobals) = postSolution
		SolutionGuid = {3090047C-FA94-42DC-BF73-7256E3D19A56}
	EndGlobalSection
EndGlobal
